
Microsoft Visual Studio Solution File, Format Version 12.00
# Visual Studio 15
VisualStudioVersion = 15.0.28307.960
MinimumVisualStudioVersion = 10.0.40219.1
Project("{54435603-DBB4-11D2-8724-00A0C9A8B90C}") = "InstalarVentasDiarias", "InstalarVentasDiarias\InstalarVentasDiarias.vdproj", "{88A525A6-9924-44FD-95C8-1384A200F87F}"
EndProject
Project("{FAE04EC0-301F-11D3-BF4B-00C04F79EFBC}") = "EnviarVentasDiariasGasolinerasYPoint", "..\EnviarVentasDiariasGasolinerasYPoint\EnviarVentasDiariasGasolinerasYPoint.csproj", "{30AADB3F-8661-44CB-BB1A-2CE4F67D62EA}"
EndProject
Global
	GlobalSection(SolutionConfigurationPlatforms) = preSolution
		Debug|Any CPU = Debug|Any CPU
		Debug|x64 = Debug|x64
		Debug|x86 = Debug|x86
		Release|Any CPU = Release|Any CPU
		Release|x64 = Release|x64
		Release|x86 = Release|x86
	EndGlobalSection
	GlobalSection(ProjectConfigurationPlatforms) = postSolution
		{88A525A6-9924-44FD-95C8-1384A200F87F}.Debug|Any CPU.ActiveCfg = Debug
		{88A525A6-9924-44FD-95C8-1384A200F87F}.Debug|Any CPU.Build.0 = Debug
		{88A525A6-9924-44FD-95C8-1384A200F87F}.Debug|x64.ActiveCfg = Debug
		{88A525A6-9924-44FD-95C8-1384A200F87F}.Debug|x64.Build.0 = Debug
		{88A525A6-9924-44FD-95C8-1384A200F87F}.Debug|x86.ActiveCfg = Debug
		{88A525A6-9924-44FD-95C8-1384A200F87F}.Debug|x86.Build.0 = Debug
		{88A525A6-9924-44FD-95C8-1384A200F87F}.Release|Any CPU.ActiveCfg = Release
		{88A525A6-9924-44FD-95C8-1384A200F87F}.Release|Any CPU.Build.0 = Release
		{88A525A6-9924-44FD-95C8-1384A200F87F}.Release|x64.ActiveCfg = Release
		{88A525A6-9924-44FD-95C8-1384A200F87F}.Release|x64.Build.0 = Release
		{88A525A6-9924-44FD-95C8-1384A200F87F}.Release|x86.ActiveCfg = Release
		{88A525A6-9924-44FD-95C8-1384A200F87F}.Release|x86.Build.0 = Release
		{30AADB3F-8661-44CB-BB1A-2CE4F67D62EA}.Debug|Any CPU.ActiveCfg = Debug|Any CPU
		{30AADB3F-8661-44CB-BB1A-2CE4F67D62EA}.Debug|Any CPU.Build.0 = Debug|Any CPU
		{30AADB3F-8661-44CB-BB1A-2CE4F67D62EA}.Debug|x64.ActiveCfg = Debug|Any CPU
		{30AADB3F-8661-44CB-BB1A-2CE4F67D62EA}.Debug|x64.Build.0 = Debug|Any CPU
		{30AADB3F-8661-44CB-BB1A-2CE4F67D62EA}.Debug|x86.ActiveCfg = Debug|Any CPU
		{30AADB3F-8661-44CB-BB1A-2CE4F67D62EA}.Debug|x86.Build.0 = Debug|Any CPU
		{30AADB3F-8661-44CB-BB1A-2CE4F67D62EA}.Release|Any CPU.ActiveCfg = Release|Any CPU
		{30AADB3F-8661-44CB-BB1A-2CE4F67D62EA}.Release|Any CPU.Build.0 = Release|Any CPU
		{30AADB3F-8661-44CB-BB1A-2CE4F67D62EA}.Release|x64.ActiveCfg = Release|Any CPU
		{30AADB3F-8661-44CB-BB1A-2CE4F67D62EA}.Release|x64.Build.0 = Release|Any CPU
		{30AADB3F-8661-44CB-BB1A-2CE4F67D62EA}.Release|x86.ActiveCfg = Release|Any CPU
		{30AADB3F-8661-44CB-BB1A-2CE4F67D62EA}.Release|x86.Build.0 = Release|Any CPU
	EndGlobalSection
	GlobalSection(SolutionProperties) = preSolution
		HideSolutionNode = FALSE
	EndGlobalSection
	GlobalSection(ExtensibilityGlobals) = postSolution
		SolutionGuid = {5D09E84A-0304-4CF9-9124-50413C32E9D7}
	EndGlobalSection
EndGlobal
